<?xml version="1.0" encoding="utf-8"?>
<Project ToolsVersion="4.0" xmlns="http://schemas.microsoft.com/developer/msbuild/2003">
  <ItemGroup>
    <Filter Include="Assets">
      <UniqueIdentifier>b48553c4-031a-4956-ad0f-f601b9358488</UniqueIdentifier>
      <Extensions>ico;cur;bmp;dds;dlg;fbx;rct;bin;rgs;gif;jpg;jpeg;jpe;resx;tga;tiff;tif;png;wav;mfcribbon-ms</Extensions>
    </Filter>
    <Filter Include="src">
      <UniqueIdentifier>{749869c0-e379-45d7-ae4a-fde73d80a79d}</UniqueIdentifier>
    </Filter>
  </ItemGroup>
  <ItemGroup>
    <ClInclude Include="src\DeviceResources.h">
      <Filter>src</Filter>
    </ClInclude>
    <ClInclude Include="src\pch.h">
      <Filter>src</Filter>
    </ClInclude>
    <ClInclude Include="src\Console.h">
      <Filter>src</Filter>
    </ClInclude>
    <ClInclude Include="src\Helper.h">
      <Filter>src</Filter>
    </ClInclude>
    <ClInclude Include="src\World.h">
      <Filter>src</Filter>
    </ClInclude>
    <ClInclude Include="src\WindowPrivate.h">
      <Filter>src</Filter>
    </ClInclude>
    <ClInclude Include="src\AABB.h">
      <Filter>src</Filter>
    </ClInclude>
    <ClInclude Include="src\Subgen.h">
      <Filter>src</Filter>
    </ClInclude>
    <ClInclude Include="src\Boid.h">
      <Filter>src</Filter>
    </ClInclude>
    <ClInclude Include="src\BoidWorld.h">
      <Filter>src</Filter>
    </ClInclude>
    <ClInclude Include="src\Vector3Extention.h">
      <Filter>src</Filter>
    </ClInclude>
  </ItemGroup>
  <ItemGroup>
    <ClCompile Include="src\DeviceResources.cpp">
      <Filter>src</Filter>
    </ClCompile>
    <ClCompile Include="src\Main.cpp">
      <Filter>src</Filter>
    </ClCompile>
  </ItemGroup>
  <ItemGroup>
    <ResourceCompile Include="resource.rc" />
  </ItemGroup>
  <ItemGroup>
    <Image Include="directx.ico">
      <Filter>Assets</Filter>
    </Image>
  </ItemGroup>
  <ItemGroup>
    <Manifest Include="settings.manifest">
      <Filter>Assets</Filter>
    </Manifest>
  </ItemGroup>
</Project>